// !$*UTF8*$!
{
	archiveVersion = 1;
	classes = {
	};
	objectVersion = 51;
	objects = {

/* Begin PBXBuildFile section */
		11F5A4147CE3C9FDFE51156B /* Pods_editor_editorUITests.framework in Frameworks */ = {isa = PBXBuildFile; fileRef = BB36FDEF12FC5F5CE2CF6D74 /* Pods_editor_editorUITests.framework */; };
		85EAD8E2CEFFABF05BD6E876 /* Pods_editor.framework in Frameworks */ = {isa = PBXBuildFile; fileRef = C80292B2A93FF7BB614C1D6E /* Pods_editor.framework */; };
		B90141F723FF71BC000C8424 /* CollectionViewController.swift in Sources */ = {isa = PBXBuildFile; fileRef = B90141F623FF71BC000C8424 /* CollectionViewController.swift */; };
		B901420123FFC348000C8424 /* ViewController+extension.swift in Sources */ = {isa = PBXBuildFile; fileRef = B901420023FFC348000C8424 /* ViewController+extension.swift */; };
		B90C0ACF23FBA4A4005B6B3A /* DataBase.xcdatamodeld in Sources */ = {isa = PBXBuildFile; fileRef = B90C0ACD23FBA4A4005B6B3A /* DataBase.xcdatamodeld */; };
		B948274423F3A04A006E4EBD /* AppDelegate.swift in Sources */ = {isa = PBXBuildFile; fileRef = B948274323F3A04A006E4EBD /* AppDelegate.swift */; };
		B948274823F3A04A006E4EBD /* ViewController.swift in Sources */ = {isa = PBXBuildFile; fileRef = B948274723F3A04A006E4EBD /* ViewController.swift */; };
		B948274B23F3A04A006E4EBD /* Main.storyboard in Resources */ = {isa = PBXBuildFile; fileRef = B948274923F3A04A006E4EBD /* Main.storyboard */; };
		B948274D23F3A04A006E4EBD /* Assets.xcassets in Resources */ = {isa = PBXBuildFile; fileRef = B948274C23F3A04A006E4EBD /* Assets.xcassets */; };
		B948275023F3A04A006E4EBD /* LaunchScreen.storyboard in Resources */ = {isa = PBXBuildFile; fileRef = B948274E23F3A04A006E4EBD /* LaunchScreen.storyboard */; };
		B948275B23F3A04B006E4EBD /* editorTests.swift in Sources */ = {isa = PBXBuildFile; fileRef = B948275A23F3A04B006E4EBD /* editorTests.swift */; };
		B948276623F3A04B006E4EBD /* editorUITests.swift in Sources */ = {isa = PBXBuildFile; fileRef = B948276523F3A04B006E4EBD /* editorUITests.swift */; };
		B948277423F3AF55006E4EBD /* ViewController+TableCell.swift in Sources */ = {isa = PBXBuildFile; fileRef = B948277323F3AF55006E4EBD /* ViewController+TableCell.swift */; };
		B948277723F3B169006E4EBD /* 1.jpeg in Resources */ = {isa = PBXBuildFile; fileRef = B948277623F3B169006E4EBD /* 1.jpeg */; };
		B948277923F3B172006E4EBD /* 2.jpeg in Resources */ = {isa = PBXBuildFile; fileRef = B948277823F3B172006E4EBD /* 2.jpeg */; };
		B948277B23F3B17A006E4EBD /* 3.jpeg in Resources */ = {isa = PBXBuildFile; fileRef = B948277A23F3B17A006E4EBD /* 3.jpeg */; };
		B948277D23F3C72A006E4EBD /* TextViewController.swift in Sources */ = {isa = PBXBuildFile; fileRef = B948277C23F3C72A006E4EBD /* TextViewController.swift */; };
		B9DC8A212402537A00042C4D /* ImageController.swift in Sources */ = {isa = PBXBuildFile; fileRef = B9DC8A202402537A00042C4D /* ImageController.swift */; };
		B9DC8A23240253D400042C4D /* ModelController.swift in Sources */ = {isa = PBXBuildFile; fileRef = B9DC8A22240253D400042C4D /* ModelController.swift */; };
		B9DC8A272402C9AB00042C4D /* AppDelegete+URLExtension.swift in Sources */ = {isa = PBXBuildFile; fileRef = B9DC8A262402C9AA00042C4D /* AppDelegete+URLExtension.swift */; };
		D6D9B4ECEE404105DD6F1EF9 /* Pods_editorTests.framework in Frameworks */ = {isa = PBXBuildFile; fileRef = A26A66C256C2D82F2E541C78 /* Pods_editorTests.framework */; };
/* End PBXBuildFile section */

/* Begin PBXContainerItemProxy section */
		B948275723F3A04B006E4EBD /* PBXContainerItemProxy */ = {
			isa = PBXContainerItemProxy;
			containerPortal = B948273823F3A04A006E4EBD /* Project object */;
			proxyType = 1;
			remoteGlobalIDString = B948273F23F3A04A006E4EBD;
			remoteInfo = editor;
		};
		B948276223F3A04B006E4EBD /* PBXContainerItemProxy */ = {
			isa = PBXContainerItemProxy;
			containerPortal = B948273823F3A04A006E4EBD /* Project object */;
			proxyType = 1;
			remoteGlobalIDString = B948273F23F3A04A006E4EBD;
			remoteInfo = editor;
		};
/* End PBXContainerItemProxy section */

/* Begin PBXFileReference section */
		0E0C4E6A8153733E99A1A281 /* Pods-editor-editorUITests.debug.xcconfig */ = {isa = PBXFileReference; includeInIndex = 1; lastKnownFileType = text.xcconfig; name = "Pods-editor-editorUITests.debug.xcconfig"; path = "Target Support Files/Pods-editor-editorUITests/Pods-editor-editorUITests.debug.xcconfig"; sourceTree = "<group>"; };
		0E3EA22CE44BC3DD9BF97554 /* Pods-editor-editorUITests.release.xcconfig */ = {isa = PBXFileReference; includeInIndex = 1; lastKnownFileType = text.xcconfig; name = "Pods-editor-editorUITests.release.xcconfig"; path = "Target Support Files/Pods-editor-editorUITests/Pods-editor-editorUITests.release.xcconfig"; sourceTree = "<group>"; };
		53A079DD48D9532BFC29AF3A /* Pods-editorTests.debug.xcconfig */ = {isa = PBXFileReference; includeInIndex = 1; lastKnownFileType = text.xcconfig; name = "Pods-editorTests.debug.xcconfig"; path = "Target Support Files/Pods-editorTests/Pods-editorTests.debug.xcconfig"; sourceTree = "<group>"; };
		5A9456D22FA3CC36DB39584D /* Pods-editorTests.release.xcconfig */ = {isa = PBXFileReference; includeInIndex = 1; lastKnownFileType = text.xcconfig; name = "Pods-editorTests.release.xcconfig"; path = "Target Support Files/Pods-editorTests/Pods-editorTests.release.xcconfig"; sourceTree = "<group>"; };
		96CCF192D216CCEEBC745F34 /* Pods-editor.release.xcconfig */ = {isa = PBXFileReference; includeInIndex = 1; lastKnownFileType = text.xcconfig; name = "Pods-editor.release.xcconfig"; path = "Target Support Files/Pods-editor/Pods-editor.release.xcconfig"; sourceTree = "<group>"; };
		A26A66C256C2D82F2E541C78 /* Pods_editorTests.framework */ = {isa = PBXFileReference; explicitFileType = wrapper.framework; includeInIndex = 0; path = Pods_editorTests.framework; sourceTree = BUILT_PRODUCTS_DIR; };
		B7E4A365BAD927E5C1149DB8 /* Pods-editor.debug.xcconfig */ = {isa = PBXFileReference; includeInIndex = 1; lastKnownFileType = text.xcconfig; name = "Pods-editor.debug.xcconfig"; path = "Target Support Files/Pods-editor/Pods-editor.debug.xcconfig"; sourceTree = "<group>"; };
		B90141F623FF71BC000C8424 /* CollectionViewController.swift */ = {isa = PBXFileReference; lastKnownFileType = sourcecode.swift; path = CollectionViewController.swift; sourceTree = "<group>"; };
		B901420023FFC348000C8424 /* ViewController+extension.swift */ = {isa = PBXFileReference; lastKnownFileType = sourcecode.swift; path = "ViewController+extension.swift"; sourceTree = "<group>"; };
		B90C0ACE23FBA4A4005B6B3A /* DataBase.xcdatamodel */ = {isa = PBXFileReference; lastKnownFileType = wrapper.xcdatamodel; path = DataBase.xcdatamodel; sourceTree = "<group>"; };
		B948274023F3A04A006E4EBD /* editor.app */ = {isa = PBXFileReference; explicitFileType = wrapper.application; includeInIndex = 0; path = editor.app; sourceTree = BUILT_PRODUCTS_DIR; };
		B948274323F3A04A006E4EBD /* AppDelegate.swift */ = {isa = PBXFileReference; lastKnownFileType = sourcecode.swift; path = AppDelegate.swift; sourceTree = "<group>"; };
		B948274723F3A04A006E4EBD /* ViewController.swift */ = {isa = PBXFileReference; lastKnownFileType = sourcecode.swift; path = ViewController.swift; sourceTree = "<group>"; };
		B948274A23F3A04A006E4EBD /* Base */ = {isa = PBXFileReference; lastKnownFileType = file.storyboard; name = Base; path = Base.lproj/Main.storyboard; sourceTree = "<group>"; };
		B948274C23F3A04A006E4EBD /* Assets.xcassets */ = {isa = PBXFileReference; lastKnownFileType = folder.assetcatalog; path = Assets.xcassets; sourceTree = "<group>"; };
		B948274F23F3A04A006E4EBD /* Base */ = {isa = PBXFileReference; lastKnownFileType = file.storyboard; name = Base; path = Base.lproj/LaunchScreen.storyboard; sourceTree = "<group>"; };
		B948275123F3A04A006E4EBD /* Info.plist */ = {isa = PBXFileReference; lastKnownFileType = text.plist.xml; path = Info.plist; sourceTree = "<group>"; };
		B948275623F3A04B006E4EBD /* editorTests.xctest */ = {isa = PBXFileReference; explicitFileType = wrapper.cfbundle; includeInIndex = 0; path = editorTests.xctest; sourceTree = BUILT_PRODUCTS_DIR; };
		B948275A23F3A04B006E4EBD /* editorTests.swift */ = {isa = PBXFileReference; lastKnownFileType = sourcecode.swift; path = editorTests.swift; sourceTree = "<group>"; };
		B948275C23F3A04B006E4EBD /* Info.plist */ = {isa = PBXFileReference; lastKnownFileType = text.plist.xml; path = Info.plist; sourceTree = "<group>"; };
		B948276123F3A04B006E4EBD /* editorUITests.xctest */ = {isa = PBXFileReference; explicitFileType = wrapper.cfbundle; includeInIndex = 0; path = editorUITests.xctest; sourceTree = BUILT_PRODUCTS_DIR; };
		B948276523F3A04B006E4EBD /* editorUITests.swift */ = {isa = PBXFileReference; lastKnownFileType = sourcecode.swift; path = editorUITests.swift; sourceTree = "<group>"; };
		B948276723F3A04B006E4EBD /* Info.plist */ = {isa = PBXFileReference; lastKnownFileType = text.plist.xml; path = Info.plist; sourceTree = "<group>"; };
		B948277323F3AF55006E4EBD /* ViewController+TableCell.swift */ = {isa = PBXFileReference; lastKnownFileType = sourcecode.swift; path = "ViewController+TableCell.swift"; sourceTree = "<group>"; };
		B948277623F3B169006E4EBD /* 1.jpeg */ = {isa = PBXFileReference; lastKnownFileType = image.jpeg; path = 1.jpeg; sourceTree = "<group>"; };
		B948277823F3B172006E4EBD /* 2.jpeg */ = {isa = PBXFileReference; lastKnownFileType = image.jpeg; path = 2.jpeg; sourceTree = "<group>"; };
		B948277A23F3B17A006E4EBD /* 3.jpeg */ = {isa = PBXFileReference; lastKnownFileType = image.jpeg; path = 3.jpeg; sourceTree = "<group>"; };
		B948277C23F3C72A006E4EBD /* TextViewController.swift */ = {isa = PBXFileReference; lastKnownFileType = sourcecode.swift; path = TextViewController.swift; sourceTree = "<group>"; };
		B9DC8A202402537A00042C4D /* ImageController.swift */ = {isa = PBXFileReference; lastKnownFileType = sourcecode.swift; path = ImageController.swift; sourceTree = "<group>"; };
		B9DC8A22240253D400042C4D /* ModelController.swift */ = {isa = PBXFileReference; lastKnownFileType = sourcecode.swift; path = ModelController.swift; sourceTree = "<group>"; };
		B9DC8A262402C9AA00042C4D /* AppDelegete+URLExtension.swift */ = {isa = PBXFileReference; lastKnownFileType = sourcecode.swift; path = "AppDelegete+URLExtension.swift"; sourceTree = "<group>"; };
		BB36FDEF12FC5F5CE2CF6D74 /* Pods_editor_editorUITests.framework */ = {isa = PBXFileReference; explicitFileType = wrapper.framework; includeInIndex = 0; path = Pods_editor_editorUITests.framework; sourceTree = BUILT_PRODUCTS_DIR; };
		C80292B2A93FF7BB614C1D6E /* Pods_editor.framework */ = {isa = PBXFileReference; explicitFileType = wrapper.framework; includeInIndex = 0; path = Pods_editor.framework; sourceTree = BUILT_PRODUCTS_DIR; };
/* End PBXFileReference section */

/* Begin PBXFrameworksBuildPhase section */
		B948273D23F3A04A006E4EBD /* Frameworks */ = {
			isa = PBXFrameworksBuildPhase;
			buildActionMask = 2147483647;
			files = (
				85EAD8E2CEFFABF05BD6E876 /* Pods_editor.framework in Frameworks */,
			);
			runOnlyForDeploymentPostprocessing = 0;
		};
		B948275323F3A04B006E4EBD /* Frameworks */ = {
			isa = PBXFrameworksBuildPhase;
			buildActionMask = 2147483647;
			files = (
				D6D9B4ECEE404105DD6F1EF9 /* Pods_editorTests.framework in Frameworks */,
			);
			runOnlyForDeploymentPostprocessing = 0;
		};
		B948275E23F3A04B006E4EBD /* Frameworks */ = {
			isa = PBXFrameworksBuildPhase;
			buildActionMask = 2147483647;
			files = (
				11F5A4147CE3C9FDFE51156B /* Pods_editor_editorUITests.framework in Frameworks */,
			);
			runOnlyForDeploymentPostprocessing = 0;
		};
/* End PBXFrameworksBuildPhase section */

/* Begin PBXGroup section */
		5AEC3C50CBD50B7A0AE6614C /* Frameworks */ = {
			isa = PBXGroup;
			children = (
				C80292B2A93FF7BB614C1D6E /* Pods_editor.framework */,
				BB36FDEF12FC5F5CE2CF6D74 /* Pods_editor_editorUITests.framework */,
				A26A66C256C2D82F2E541C78 /* Pods_editorTests.framework */,
			);
			name = Frameworks;
			sourceTree = "<group>";
		};
		B948273723F3A04A006E4EBD = {
			isa = PBXGroup;
			children = (
				B948274223F3A04A006E4EBD /* editor */,
				B948275923F3A04B006E4EBD /* editorTests */,
				B948276423F3A04B006E4EBD /* editorUITests */,
				B948274123F3A04A006E4EBD /* Products */,
				E8AB72736B69761389F26BED /* Pods */,
				5AEC3C50CBD50B7A0AE6614C /* Frameworks */,
			);
			sourceTree = "<group>";
		};
		B948274123F3A04A006E4EBD /* Products */ = {
			isa = PBXGroup;
			children = (
				B948274023F3A04A006E4EBD /* editor.app */,
				B948275623F3A04B006E4EBD /* editorTests.xctest */,
				B948276123F3A04B006E4EBD /* editorUITests.xctest */,
			);
			name = Products;
			sourceTree = "<group>";
		};
		B948274223F3A04A006E4EBD /* editor */ = {
			isa = PBXGroup;
			children = (
				B948274323F3A04A006E4EBD /* AppDelegate.swift */,
				B9DC8A262402C9AA00042C4D /* AppDelegete+URLExtension.swift */,
				B948274723F3A04A006E4EBD /* ViewController.swift */,
				B901420023FFC348000C8424 /* ViewController+extension.swift */,
				B948277323F3AF55006E4EBD /* ViewController+TableCell.swift */,
				B948277C23F3C72A006E4EBD /* TextViewController.swift */,
				B90141F623FF71BC000C8424 /* CollectionViewController.swift */,
				B9DC8A202402537A00042C4D /* ImageController.swift */,
				B9DC8A22240253D400042C4D /* ModelController.swift */,
				B948274C23F3A04A006E4EBD /* Assets.xcassets */,
				B948274923F3A04A006E4EBD /* Main.storyboard */,
				B90C0ACD23FBA4A4005B6B3A /* DataBase.xcdatamodeld */,
				B948274E23F3A04A006E4EBD /* LaunchScreen.storyboard */,
				B948275123F3A04A006E4EBD /* Info.plist */,
				B948277523F3B142006E4EBD /* image */,
			);
			path = editor;
			sourceTree = "<group>";
		};
		B948275923F3A04B006E4EBD /* editorTests */ = {
			isa = PBXGroup;
			children = (
				B948275A23F3A04B006E4EBD /* editorTests.swift */,
				B948275C23F3A04B006E4EBD /* Info.plist */,
			);
			path = editorTests;
			sourceTree = "<group>";
		};
		B948276423F3A04B006E4EBD /* editorUITests */ = {
			isa = PBXGroup;
			children = (
				B948276523F3A04B006E4EBD /* editorUITests.swift */,
				B948276723F3A04B006E4EBD /* Info.plist */,
			);
			path = editorUITests;
			sourceTree = "<group>";
		};
		B948277523F3B142006E4EBD /* image */ = {
			isa = PBXGroup;
			children = (
				B948277A23F3B17A006E4EBD /* 3.jpeg */,
				B948277823F3B172006E4EBD /* 2.jpeg */,
				B948277623F3B169006E4EBD /* 1.jpeg */,
			);
			path = image;
			sourceTree = "<group>";
		};
		E8AB72736B69761389F26BED /* Pods */ = {
			isa = PBXGroup;
			children = (
				B7E4A365BAD927E5C1149DB8 /* Pods-editor.debug.xcconfig */,
				96CCF192D216CCEEBC745F34 /* Pods-editor.release.xcconfig */,
				0E0C4E6A8153733E99A1A281 /* Pods-editor-editorUITests.debug.xcconfig */,
				0E3EA22CE44BC3DD9BF97554 /* Pods-editor-editorUITests.release.xcconfig */,
				53A079DD48D9532BFC29AF3A /* Pods-editorTests.debug.xcconfig */,
				5A9456D22FA3CC36DB39584D /* Pods-editorTests.release.xcconfig */,
			);
			path = Pods;
			sourceTree = "<group>";
		};
/* End PBXGroup section */

/* Begin PBXNativeTarget section */
		B948273F23F3A04A006E4EBD /* editor */ = {
			isa = PBXNativeTarget;
			buildConfigurationList = B948276A23F3A04B006E4EBD /* Build configuration list for PBXNativeTarget "editor" */;
			buildPhases = (
				5F8E6D7AAE2CAE0EB10BF698 /* [CP] Check Pods Manifest.lock */,
				B948273C23F3A04A006E4EBD /* Sources */,
				B948273D23F3A04A006E4EBD /* Frameworks */,
				B948273E23F3A04A006E4EBD /* Resources */,
				6DEB5209B3AC7993167D8CE7 /* [CP] Embed Pods Frameworks */,
			);
			buildRules = (
			);
			dependencies = (
			);
			name = editor;
			productName = editor;
			productReference = B948274023F3A04A006E4EBD /* editor.app */;
			productType = "com.apple.product-type.application";
		};
		B948275523F3A04B006E4EBD /* editorTests */ = {
			isa = PBXNativeTarget;
			buildConfigurationList = B948276D23F3A04B006E4EBD /* Build configuration list for PBXNativeTarget "editorTests" */;
			buildPhases = (
				6CC8DE25744D6B2BC8909AC0 /* [CP] Check Pods Manifest.lock */,
				B948275223F3A04B006E4EBD /* Sources */,
				B948275323F3A04B006E4EBD /* Frameworks */,
				B948275423F3A04B006E4EBD /* Resources */,
			);
			buildRules = (
			);
			dependencies = (
				B948275823F3A04B006E4EBD /* PBXTargetDependency */,
			);
			name = editorTests;
			productName = editorTests;
			productReference = B948275623F3A04B006E4EBD /* editorTests.xctest */;
			productType = "com.apple.product-type.bundle.unit-test";
		};
		B948276023F3A04B006E4EBD /* editorUITests */ = {
			isa = PBXNativeTarget;
			buildConfigurationList = B948277023F3A04B006E4EBD /* Build configuration list for PBXNativeTarget "editorUITests" */;
			buildPhases = (
				BB884F7127FF26B312D2A311 /* [CP] Check Pods Manifest.lock */,
				B948275D23F3A04B006E4EBD /* Sources */,
				B948275E23F3A04B006E4EBD /* Frameworks */,
				B948275F23F3A04B006E4EBD /* Resources */,
				3CE3CF4ACC4D4BB9DA4C491F /* [CP] Embed Pods Frameworks */,
			);
			buildRules = (
			);
			dependencies = (
				B948276323F3A04B006E4EBD /* PBXTargetDependency */,
			);
			name = editorUITests;
			productName = editorUITests;
			productReference = B948276123F3A04B006E4EBD /* editorUITests.xctest */;
			productType = "com.apple.product-type.bundle.ui-testing";
		};
/* End PBXNativeTarget section */

/* Begin PBXProject section */
		B948273823F3A04A006E4EBD /* Project object */ = {
			isa = PBXProject;
			attributes = {
				LastSwiftUpdateCheck = 1130;
				LastUpgradeCheck = 1130;
				ORGANIZATIONNAME = iamport;
				TargetAttributes = {
					B948273F23F3A04A006E4EBD = {
						CreatedOnToolsVersion = 11.3.1;
					};
					B948275523F3A04B006E4EBD = {
						CreatedOnToolsVersion = 11.3.1;
						TestTargetID = B948273F23F3A04A006E4EBD;
					};
					B948276023F3A04B006E4EBD = {
						CreatedOnToolsVersion = 11.3.1;
						TestTargetID = B948273F23F3A04A006E4EBD;
					};
				};
			};
			buildConfigurationList = B948273B23F3A04A006E4EBD /* Build configuration list for PBXProject "editor" */;
			compatibilityVersion = "Xcode 9.3";
			developmentRegion = en;
			hasScannedForEncodings = 0;
			knownRegions = (
				en,
				Base,
			);
			mainGroup = B948273723F3A04A006E4EBD;
			productRefGroup = B948274123F3A04A006E4EBD /* Products */;
			projectDirPath = "";
			projectRoot = "";
			targets = (
				B948273F23F3A04A006E4EBD /* editor */,
				B948275523F3A04B006E4EBD /* editorTests */,
				B948276023F3A04B006E4EBD /* editorUITests */,
			);
		};
/* End PBXProject section */

/* Begin PBXResourcesBuildPhase section */
		B948273E23F3A04A006E4EBD /* Resources */ = {
			isa = PBXResourcesBuildPhase;
			buildActionMask = 2147483647;
			files = (
				B948277923F3B172006E4EBD /* 2.jpeg in Resources */,
				B948275023F3A04A006E4EBD /* LaunchScreen.storyboard in Resources */,
				B948274D23F3A04A006E4EBD /* Assets.xcassets in Resources */,
				B948277B23F3B17A006E4EBD /* 3.jpeg in Resources */,
				B948274B23F3A04A006E4EBD /* Main.storyboard in Resources */,
				B948277723F3B169006E4EBD /* 1.jpeg in Resources */,
			);
			runOnlyForDeploymentPostprocessing = 0;
		};
		B948275423F3A04B006E4EBD /* Resources */ = {
			isa = PBXResourcesBuildPhase;
			buildActionMask = 2147483647;
			files = (
			);
			runOnlyForDeploymentPostprocessing = 0;
		};
		B948275F23F3A04B006E4EBD /* Resources */ = {
			isa = PBXResourcesBuildPhase;
			buildActionMask = 2147483647;
			files = (
			);
			runOnlyForDeploymentPostprocessing = 0;
		};
/* End PBXResourcesBuildPhase section */

/* Begin PBXShellScriptBuildPhase section */
		3CE3CF4ACC4D4BB9DA4C491F /* [CP] Embed Pods Frameworks */ = {
			isa = PBXShellScriptBuildPhase;
			buildActionMask = 2147483647;
			files = (
			);
			inputFileListPaths = (
				"${PODS_ROOT}/Target Support Files/Pods-editor-editorUITests/Pods-editor-editorUITests-frameworks-${CONFIGURATION}-input-files.xcfilelist",
			);
			name = "[CP] Embed Pods Frameworks";
			outputFileListPaths = (
				"${PODS_ROOT}/Target Support Files/Pods-editor-editorUITests/Pods-editor-editorUITests-frameworks-${CONFIGURATION}-output-files.xcfilelist",
			);
			runOnlyForDeploymentPostprocessing = 0;
			shellPath = /bin/sh;
			shellScript = "\"${PODS_ROOT}/Target Support Files/Pods-editor-editorUITests/Pods-editor-editorUITests-frameworks.sh\"\n";
			showEnvVarsInLog = 0;
		};
		5F8E6D7AAE2CAE0EB10BF698 /* [CP] Check Pods Manifest.lock */ = {
			isa = PBXShellScriptBuildPhase;
			buildActionMask = 2147483647;
			files = (
			);
			inputFileListPaths = (
			);
			inputPaths = (
				"${PODS_PODFILE_DIR_PATH}/Podfile.lock",
				"${PODS_ROOT}/Manifest.lock",
			);
			name = "[CP] Check Pods Manifest.lock";
			outputFileListPaths = (
			);
			outputPaths = (
				"$(DERIVED_FILE_DIR)/Pods-editor-checkManifestLockResult.txt",
			);
			runOnlyForDeploymentPostprocessing = 0;
			shellPath = /bin/sh;
			shellScript = "diff \"${PODS_PODFILE_DIR_PATH}/Podfile.lock\" \"${PODS_ROOT}/Manifest.lock\" > /dev/null\nif [ $? != 0 ] ; then\n    # print error to STDERR\n    echo \"error: The sandbox is not in sync with the Podfile.lock. Run 'pod install' or update your CocoaPods installation.\" >&2\n    exit 1\nfi\n# This output is used by Xcode 'outputs' to avoid re-running this script phase.\necho \"SUCCESS\" > \"${SCRIPT_OUTPUT_FILE_0}\"\n";
			showEnvVarsInLog = 0;
		};
		6CC8DE25744D6B2BC8909AC0 /* [CP] Check Pods Manifest.lock */ = {
			isa = PBXShellScriptBuildPhase;
			buildActionMask = 2147483647;
			files = (
			);
			inputFileListPaths = (
			);
			inputPaths = (
				"${PODS_PODFILE_DIR_PATH}/Podfile.lock",
				"${PODS_ROOT}/Manifest.lock",
			);
			name = "[CP] Check Pods Manifest.lock";
			outputFileListPaths = (
			);
			outputPaths = (
				"$(DERIVED_FILE_DIR)/Pods-editorTests-checkManifestLockResult.txt",
			);
			runOnlyForDeploymentPostprocessing = 0;
			shellPath = /bin/sh;
			shellScript = "diff \"${PODS_PODFILE_DIR_PATH}/Podfile.lock\" \"${PODS_ROOT}/Manifest.lock\" > /dev/null\nif [ $? != 0 ] ; then\n    # print error to STDERR\n    echo \"error: The sandbox is not in sync with the Podfile.lock. Run 'pod install' or update your CocoaPods installation.\" >&2\n    exit 1\nfi\n# This output is used by Xcode 'outputs' to avoid re-running this script phase.\necho \"SUCCESS\" > \"${SCRIPT_OUTPUT_FILE_0}\"\n";
			showEnvVarsInLog = 0;
		};
		6DEB5209B3AC7993167D8CE7 /* [CP] Embed Pods Frameworks */ = {
			isa = PBXShellScriptBuildPhase;
			buildActionMask = 2147483647;
			files = (
			);
			inputFileListPaths = (
				"${PODS_ROOT}/Target Support Files/Pods-editor/Pods-editor-frameworks-${CONFIGURATION}-input-files.xcfilelist",
			);
			name = "[CP] Embed Pods Frameworks";
			outputFileListPaths = (
				"${PODS_ROOT}/Target Support Files/Pods-editor/Pods-editor-frameworks-${CONFIGURATION}-output-files.xcfilelist",
			);
			runOnlyForDeploymentPostprocessing = 0;
			shellPath = /bin/sh;
			shellScript = "\"${PODS_ROOT}/Target Support Files/Pods-editor/Pods-editor-frameworks.sh\"\n";
			showEnvVarsInLog = 0;
		};
		BB884F7127FF26B312D2A311 /* [CP] Check Pods Manifest.lock */ = {
			isa = PBXShellScriptBuildPhase;
			buildActionMask = 2147483647;
			files = (
			);
			inputFileListPaths = (
			);
			inputPaths = (
				"${PODS_PODFILE_DIR_PATH}/Podfile.lock",
				"${PODS_ROOT}/Manifest.lock",
			);
			name = "[CP] Check Pods Manifest.lock";
			outputFileListPaths = (
			);
			outputPaths = (
				"$(DERIVED_FILE_DIR)/Pods-editor-editorUITests-checkManifestLockResult.txt",
			);
			runOnlyForDeploymentPostprocessing = 0;
			shellPath = /bin/sh;
			shellScript = "diff \"${PODS_PODFILE_DIR_PATH}/Podfile.lock\" \"${PODS_ROOT}/Manifest.lock\" > /dev/null\nif [ $? != 0 ] ; then\n    # print error to STDERR\n    echo \"error: The sandbox is not in sync with the Podfile.lock. Run 'pod install' or update your CocoaPods installation.\" >&2\n    exit 1\nfi\n# This output is used by Xcode 'outputs' to avoid re-running this script phase.\necho \"SUCCESS\" > \"${SCRIPT_OUTPUT_FILE_0}\"\n";
			showEnvVarsInLog = 0;
		};
/* End PBXShellScriptBuildPhase section */

/* Begin PBXSourcesBuildPhase section */
		B948273C23F3A04A006E4EBD /* Sources */ = {
			isa = PBXSourcesBuildPhase;
			buildActionMask = 2147483647;
			files = (
				B9DC8A272402C9AB00042C4D /* AppDelegete+URLExtension.swift in Sources */,
				B90141F723FF71BC000C8424 /* CollectionViewController.swift in Sources */,
				B948277423F3AF55006E4EBD /* ViewController+TableCell.swift in Sources */,
				B948274823F3A04A006E4EBD /* ViewController.swift in Sources */,
				B9DC8A23240253D400042C4D /* ModelController.swift in Sources */,
				B90C0ACF23FBA4A4005B6B3A /* DataBase.xcdatamodeld in Sources */,
				B901420123FFC348000C8424 /* ViewController+extension.swift in Sources */,
				B948274423F3A04A006E4EBD /* AppDelegate.swift in Sources */,
				B948277D23F3C72A006E4EBD /* TextViewController.swift in Sources */,
				B9DC8A212402537A00042C4D /* ImageController.swift in Sources */,
			);
			runOnlyForDeploymentPostprocessing = 0;
		};
		B948275223F3A04B006E4EBD /* Sources */ = {
			isa = PBXSourcesBuildPhase;
			buildActionMask = 2147483647;
			files = (
				B948275B23F3A04B006E4EBD /* editorTests.swift in Sources */,
			);
			runOnlyForDeploymentPostprocessing = 0;
		};
		B948275D23F3A04B006E4EBD /* Sources */ = {
			isa = PBXSourcesBuildPhase;
			buildActionMask = 2147483647;
			files = (
				B948276623F3A04B006E4EBD /* editorUITests.swift in Sources */,
			);
			runOnlyForDeploymentPostprocessing = 0;
		};
/* End PBXSourcesBuildPhase section */

/* Begin PBXTargetDependency section */
		B948275823F3A04B006E4EBD /* PBXTargetDependency */ = {
			isa = PBXTargetDependency;
			target = B948273F23F3A04A006E4EBD /* editor */;
			targetProxy = B948275723F3A04B006E4EBD /* PBXContainerItemProxy */;
		};
		B948276323F3A04B006E4EBD /* PBXTargetDependency */ = {
			isa = PBXTargetDependency;
			target = B948273F23F3A04A006E4EBD /* editor */;
			targetProxy = B948276223F3A04B006E4EBD /* PBXContainerItemProxy */;
		};
/* End PBXTargetDependency section */

/* Begin PBXVariantGroup section */
		B948274923F3A04A006E4EBD /* Main.storyboard */ = {
			isa = PBXVariantGroup;
			children = (
				B948274A23F3A04A006E4EBD /* Base */,
			);
			name = Main.storyboard;
			sourceTree = "<group>";
		};
		B948274E23F3A04A006E4EBD /* LaunchScreen.storyboard */ = {
			isa = PBXVariantGroup;
			children = (
				B948274F23F3A04A006E4EBD /* Base */,
			);
			name = LaunchScreen.storyboard;
			sourceTree = "<group>";
		};
/* End PBXVariantGroup section */

/* Begin XCBuildConfiguration section */
		B948276823F3A04B006E4EBD /* Debug */ = {
			isa = XCBuildConfiguration;
			buildSettings = {
				ALWAYS_SEARCH_USER_PATHS = NO;
				CLANG_ANALYZER_NONNULL = YES;
				CLANG_ANALYZER_NUMBER_OBJECT_CONVERSION = YES_AGGRESSIVE;
				CLANG_CXX_LANGUAGE_STANDARD = "gnu++14";
				CLANG_CXX_LIBRARY = "libc++";
				CLANG_ENABLE_MODULES = YES;
				CLANG_ENABLE_OBJC_ARC = YES;
				CLANG_ENABLE_OBJC_WEAK = YES;
				CLANG_WARN_BLOCK_CAPTURE_AUTORELEASING = YES;
				CLANG_WARN_BOOL_CONVERSION = YES;
				CLANG_WARN_COMMA = YES;
				CLANG_WARN_CONSTANT_CONVERSION = YES;
				CLANG_WARN_DEPRECATED_OBJC_IMPLEMENTATIONS = YES;
				CLANG_WARN_DIRECT_OBJC_ISA_USAGE = YES_ERROR;
				CLANG_WARN_DOCUMENTATION_COMMENTS = YES;
				CLANG_WARN_EMPTY_BODY = YES;
				CLANG_WARN_ENUM_CONVERSION = YES;
				CLANG_WARN_INFINITE_RECURSION = YES;
				CLANG_WARN_INT_CONVERSION = YES;
				CLANG_WARN_NON_LITERAL_NULL_CONVERSION = YES;
				CLANG_WARN_OBJC_IMPLICIT_RETAIN_SELF = YES;
				CLANG_WARN_OBJC_LITERAL_CONVERSION = YES;
				CLANG_WARN_OBJC_ROOT_CLASS = YES_ERROR;
				CLANG_WARN_RANGE_LOOP_ANALYSIS = YES;
				CLANG_WARN_STRICT_PROTOTYPES = YES;
				CLANG_WARN_SUSPICIOUS_MOVE = YES;
				CLANG_WARN_UNGUARDED_AVAILABILITY = YES_AGGRESSIVE;
				CLANG_WARN_UNREACHABLE_CODE = YES;
				CLANG_WARN__DUPLICATE_METHOD_MATCH = YES;
				COPY_PHASE_STRIP = NO;
				DEBUG_INFORMATION_FORMAT = dwarf;
				ENABLE_STRICT_OBJC_MSGSEND = YES;
				ENABLE_TESTABILITY = YES;
				GCC_C_LANGUAGE_STANDARD = gnu11;
				GCC_DYNAMIC_NO_PIC = NO;
				GCC_NO_COMMON_BLOCKS = YES;
				GCC_OPTIMIZATION_LEVEL = 0;
				GCC_PREPROCESSOR_DEFINITIONS = (
					"DEBUG=1",
					"$(inherited)",
				);
				GCC_WARN_64_TO_32_BIT_CONVERSION = YES;
				GCC_WARN_ABOUT_RETURN_TYPE = YES_ERROR;
				GCC_WARN_UNDECLARED_SELECTOR = YES;
				GCC_WARN_UNINITIALIZED_AUTOS = YES_AGGRESSIVE;
				GCC_WARN_UNUSED_FUNCTION = YES;
				GCC_WARN_UNUSED_VARIABLE = YES;
				IPHONEOS_DEPLOYMENT_TARGET = 13.2;
				MTL_ENABLE_DEBUG_INFO = INCLUDE_SOURCE;
				MTL_FAST_MATH = YES;
				ONLY_ACTIVE_ARCH = YES;
				SDKROOT = iphoneos;
				SWIFT_ACTIVE_COMPILATION_CONDITIONS = DEBUG;
				SWIFT_OPTIMIZATION_LEVEL = "-Onone";
			};
			name = Debug;
		};
		B948276923F3A04B006E4EBD /* Release */ = {
			isa = XCBuildConfiguration;
			buildSettings = {
				ALWAYS_SEARCH_USER_PATHS = NO;
				CLANG_ANALYZER_NONNULL = YES;
				CLANG_ANALYZER_NUMBER_OBJECT_CONVERSION = YES_AGGRESSIVE;
				CLANG_CXX_LANGUAGE_STANDARD = "gnu++14";
				CLANG_CXX_LIBRARY = "libc++";
				CLANG_ENABLE_MODULES = YES;
				CLANG_ENABLE_OBJC_ARC = YES;
				CLANG_ENABLE_OBJC_WEAK = YES;
				CLANG_WARN_BLOCK_CAPTURE_AUTORELEASING = YES;
				CLANG_WARN_BOOL_CONVERSION = YES;
				CLANG_WARN_COMMA = YES;
				CLANG_WARN_CONSTANT_CONVERSION = YES;
				CLANG_WARN_DEPRECATED_OBJC_IMPLEMENTATIONS = YES;
				CLANG_WARN_DIRECT_OBJC_ISA_USAGE = YES_ERROR;
				CLANG_WARN_DOCUMENTATION_COMMENTS = YES;
				CLANG_WARN_EMPTY_BODY = YES;
				CLANG_WARN_ENUM_CONVERSION = YES;
				CLANG_WARN_INFINITE_RECURSION = YES;
				CLANG_WARN_INT_CONVERSION = YES;
				CLANG_WARN_NON_LITERAL_NULL_CONVERSION = YES;
				CLANG_WARN_OBJC_IMPLICIT_RETAIN_SELF = YES;
				CLANG_WARN_OBJC_LITERAL_CONVERSION = YES;
				CLANG_WARN_OBJC_ROOT_CLASS = YES_ERROR;
				CLANG_WARN_RANGE_LOOP_ANALYSIS = YES;
				CLANG_WARN_STRICT_PROTOTYPES = YES;
				CLANG_WARN_SUSPICIOUS_MOVE = YES;
				CLANG_WARN_UNGUARDED_AVAILABILITY = YES_AGGRESSIVE;
				CLANG_WARN_UNREACHABLE_CODE = YES;
				CLANG_WARN__DUPLICATE_METHOD_MATCH = YES;
				COPY_PHASE_STRIP = NO;
				DEBUG_INFORMATION_FORMAT = "dwarf-with-dsym";
				ENABLE_NS_ASSERTIONS = NO;
				ENABLE_STRICT_OBJC_MSGSEND = YES;
				GCC_C_LANGUAGE_STANDARD = gnu11;
				GCC_NO_COMMON_BLOCKS = YES;
				GCC_WARN_64_TO_32_BIT_CONVERSION = YES;
				GCC_WARN_ABOUT_RETURN_TYPE = YES_ERROR;
				GCC_WARN_UNDECLARED_SELECTOR = YES;
				GCC_WARN_UNINITIALIZED_AUTOS = YES_AGGRESSIVE;
				GCC_WARN_UNUSED_FUNCTION = YES;
				GCC_WARN_UNUSED_VARIABLE = YES;
				IPHONEOS_DEPLOYMENT_TARGET = 13.2;
				MTL_ENABLE_DEBUG_INFO = NO;
				MTL_FAST_MATH = YES;
				SDKROOT = iphoneos;
				SWIFT_COMPILATION_MODE = wholemodule;
				SWIFT_OPTIMIZATION_LEVEL = "-O";
				VALIDATE_PRODUCT = YES;
			};
			name = Release;
		};
		B948276B23F3A04B006E4EBD /* Debug */ = {
			isa = XCBuildConfiguration;
			baseConfigurationReference = B7E4A365BAD927E5C1149DB8 /* Pods-editor.debug.xcconfig */;
			buildSettings = {
				ASSETCATALOG_COMPILER_APPICON_NAME = AppIcon;
				CODE_SIGN_STYLE = Automatic;
				DEVELOPMENT_TEAM = JJCRVQY6GL;
				INFOPLIST_FILE = editor/Info.plist;
				IPHONEOS_DEPLOYMENT_TARGET = 10.0;
				LD_RUNPATH_SEARCH_PATHS = (
					"$(inherited)",
					"@executable_path/Frameworks",
				);
				PRODUCT_BUNDLE_IDENTIFIER = iamport.editor;
				PRODUCT_NAME = "$(TARGET_NAME)";
				SWIFT_VERSION = 5.0;
				TARGETED_DEVICE_FAMILY = "1,2";
			};
			name = Debug;
		};
		B948276C23F3A04B006E4EBD /* Release */ = {
			isa = XCBuildConfiguration;
			baseConfigurationReference = 96CCF192D216CCEEBC745F34 /* Pods-editor.release.xcconfig */;
			buildSettings = {
				ASSETCATALOG_COMPILER_APPICON_NAME = AppIcon;
				CODE_SIGN_STYLE = Automatic;
				DEVELOPMENT_TEAM = JJCRVQY6GL;
				INFOPLIST_FILE = editor/Info.plist;
				IPHONEOS_DEPLOYMENT_TARGET = 10.0;
				LD_RUNPATH_SEARCH_PATHS = (
					"$(inherited)",
					"@executable_path/Frameworks",
				);
				PRODUCT_BUNDLE_IDENTIFIER = iamport.editor;
				PRODUCT_NAME = "$(TARGET_NAME)";
				SWIFT_VERSION = 5.0;
				TARGETED_DEVICE_FAMILY = "1,2";
			};
			name = Release;
		};
		B948276E23F3A04B006E4EBD /* Debug */ = {
			isa = XCBuildConfiguration;
			baseConfigurationReference = 53A079DD48D9532BFC29AF3A /* Pods-editorTests.debug.xcconfig */;
			buildSettings = {
				ALWAYS_EMBED_SWIFT_STANDARD_LIBRARIES = YES;
				BUNDLE_LOADER = "$(TEST_HOST)";
				CODE_SIGN_STYLE = Automatic;
				INFOPLIST_FILE = editorTests/Info.plist;
				IPHONEOS_DEPLOYMENT_TARGET = 13.2;
				LD_RUNPATH_SEARCH_PATHS = (
					"$(inherited)",
					"@executable_path/Frameworks",
					"@loader_path/Frameworks",
				);
				PRODUCT_BUNDLE_IDENTIFIER = iamport.editorTests;
				PRODUCT_NAME = "$(TARGET_NAME)";
				SWIFT_VERSION = 5.0;
				TARGETED_DEVICE_FAMILY = "1,2";
				TEST_HOST = "$(BUILT_PRODUCTS_DIR)/editor.app/editor";
			};
			name = Debug;
		};
		B948276F23F3A04B006E4EBD /* Release */ = {
			isa = XCBuildConfiguration;
			baseConfigurationReference = 5A9456D22FA3CC36DB39584D /* Pods-editorTests.release.xcconfig */;
			buildSettings = {
				ALWAYS_EMBED_SWIFT_STANDARD_LIBRARIES = YES;
				BUNDLE_LOADER = "$(TEST_HOST)";
				CODE_SIGN_STYLE = Automatic;
				INFOPLIST_FILE = editorTests/Info.plist;
				IPHONEOS_DEPLOYMENT_TARGET = 13.2;
				LD_RUNPATH_SEARCH_PATHS = (
					"$(inherited)",
					"@executable_path/Frameworks",
					"@loader_path/Frameworks",
				);
				PRODUCT_BUNDLE_IDENTIFIER = iamport.editorTests;
				PRODUCT_NAME = "$(TARGET_NAME)";
				SWIFT_VERSION = 5.0;
				TARGETED_DEVICE_FAMILY = "1,2";
				TEST_HOST = "$(BUILT_PRODUCTS_DIR)/editor.app/editor";
			};
			name = Release;
		};
		B948277123F3A04B006E4EBD /* Debug */ = {
			isa = XCBuildConfiguration;
			baseConfigurationReference = 0E0C4E6A8153733E99A1A281 /* Pods-editor-editorUITests.debug.xcconfig */;
			buildSettings = {
				ALWAYS_EMBED_SWIFT_STANDARD_LIBRARIES = YES;
				CODE_SIGN_STYLE = Automatic;
				INFOPLIST_FILE = editorUITests/Info.plist;
				LD_RUNPATH_SEARCH_PATHS = (
					"$(inherited)",
					"@executable_path/Frameworks",
					"@loader_path/Frameworks",
				);
				PRODUCT_BUNDLE_IDENTIFIER = iamport.editorUITests;
				PRODUCT_NAME = "$(TARGET_NAME)";
				SWIFT_VERSION = 5.0;
				TARGETED_DEVICE_FAMILY = "1,2";
				TEST_TARGET_NAME = editor;
			};
			name = Debug;
		};
		B948277223F3A04B006E4EBD /* Release */ = {
			isa = XCBuildConfiguration;
			baseConfigurationReference = 0E3EA22CE44BC3DD9BF97554 /* Pods-editor-editorUITests.release.xcconfig */;
			buildSettings = {
				ALWAYS_EMBED_SWIFT_STANDARD_LIBRARIES = YES;
				CODE_SIGN_STYLE = Automatic;
				INFOPLIST_FILE = editorUITests/Info.plist;
				LD_RUNPATH_SEARCH_PATHS = (
					"$(inherited)",
					"@executable_path/Frameworks",
					"@loader_path/Frameworks",
				);
				PRODUCT_BUNDLE_IDENTIFIER = iamport.editorUITests;
				PRODUCT_NAME = "$(TARGET_NAME)";
				SWIFT_VERSION = 5.0;
				TARGETED_DEVICE_FAMILY = "1,2";
				TEST_TARGET_NAME = editor;
			};
			name = Release;
		};
/* End XCBuildConfiguration section */

/* Begin XCConfigurationList section */
		B948273B23F3A04A006E4EBD /* Build configuration list for PBXProject "editor" */ = {
			isa = XCConfigurationList;
			buildConfigurations = (
				B948276823F3A04B006E4EBD /* Debug */,
				B948276923F3A04B006E4EBD /* Release */,
			);
			defaultConfigurationIsVisible = 0;
			defaultConfigurationName = Release;
		};
		B948276A23F3A04B006E4EBD /* Build configuration list for PBXNativeTarget "editor" */ = {
			isa = XCConfigurationList;
			buildConfigurations = (
				B948276B23F3A04B006E4EBD /* Debug */,
				B948276C23F3A04B006E4EBD /* Release */,
			);
			defaultConfigurationIsVisible = 0;
			defaultConfigurationName = Release;
		};
		B948276D23F3A04B006E4EBD /* Build configuration list for PBXNativeTarget "editorTests" */ = {
			isa = XCConfigurationList;
			buildConfigurations = (
				B948276E23F3A04B006E4EBD /* Debug */,
				B948276F23F3A04B006E4EBD /* Release */,
			);
			defaultConfigurationIsVisible = 0;
			defaultConfigurationName = Release;
		};
		B948277023F3A04B006E4EBD /* Build configuration list for PBXNativeTarget "editorUITests" */ = {
			isa = XCConfigurationList;
			buildConfigurations = (
				B948277123F3A04B006E4EBD /* Debug */,
				B948277223F3A04B006E4EBD /* Release */,
			);
			defaultConfigurationIsVisible = 0;
			defaultConfigurationName = Release;
		};
/* End XCConfigurationList section */

/* Begin XCVersionGroup section */
		B90C0ACD23FBA4A4005B6B3A /* DataBase.xcdatamodeld */ = {
			isa = XCVersionGroup;
			children = (
				B90C0ACE23FBA4A4005B6B3A /* DataBase.xcdatamodel */,
			);
			currentVersion = B90C0ACE23FBA4A4005B6B3A /* DataBase.xcdatamodel */;
			path = DataBase.xcdatamodeld;
			sourceTree = "<group>";
			versionGroupType = wrapper.xcdatamodel;
		};
/* End XCVersionGroup section */
	};
	rootObject = B948273823F3A04A006E4EBD /* Project object */;
}
